
Microsoft Visual Studio Solution File, Format Version 12.00
# Visual Studio Version 16
VisualStudioVersion = 16.0.31112.23
MinimumVisualStudioVersion = 10.0.40219.1
Project("{FAE04EC0-301F-11D3-BF4B-00C04F79EFBC}") = "Entidades", "Entidades\Entidades.csproj", "{44B64537-D98A-4C88-83A2-FDA889868617}"
EndProject
Project("{FAE04EC0-301F-11D3-BF4B-00C04F79EFBC}") = "FormPpal", "FormPpal\FormPpal.csproj", "{4EA76C03-6BCC-4418-B8A8-423EE43D9F41}"
EndProject
Project("{FAE04EC0-301F-11D3-BF4B-00C04F79EFBC}") = "EntidadesTests", "EntidadesTests\EntidadesTests.csproj", "{9351DD5C-269A-4C0F-86F5-7B7952D1E865}"
EndProject
Project("{FAE04EC0-301F-11D3-BF4B-00C04F79EFBC}") = "Test", "Test\Test.csproj", "{ACBED73B-3B83-4CCC-8D37-7DF27029D2D3}"
EndProject
Global
	GlobalSection(SolutionConfigurationPlatforms) = preSolution
		Debug|Any CPU = Debug|Any CPU
		Release|Any CPU = Release|Any CPU
	EndGlobalSection
	GlobalSection(ProjectConfigurationPlatforms) = postSolution
		{44B64537-D98A-4C88-83A2-FDA889868617}.Debug|Any CPU.ActiveCfg = Debug|Any CPU
		{44B64537-D98A-4C88-83A2-FDA889868617}.Debug|Any CPU.Build.0 = Debug|Any CPU
		{44B64537-D98A-4C88-83A2-FDA889868617}.Release|Any CPU.ActiveCfg = Release|Any CPU
		{44B64537-D98A-4C88-83A2-FDA889868617}.Release|Any CPU.Build.0 = Release|Any CPU
		{4EA76C03-6BCC-4418-B8A8-423EE43D9F41}.Debug|Any CPU.ActiveCfg = Debug|Any CPU
		{4EA76C03-6BCC-4418-B8A8-423EE43D9F41}.Debug|Any CPU.Build.0 = Debug|Any CPU
		{4EA76C03-6BCC-4418-B8A8-423EE43D9F41}.Release|Any CPU.ActiveCfg = Release|Any CPU
		{4EA76C03-6BCC-4418-B8A8-423EE43D9F41}.Release|Any CPU.Build.0 = Release|Any CPU
		{9351DD5C-269A-4C0F-86F5-7B7952D1E865}.Debug|Any CPU.ActiveCfg = Debug|Any CPU
		{9351DD5C-269A-4C0F-86F5-7B7952D1E865}.Debug|Any CPU.Build.0 = Debug|Any CPU
		{9351DD5C-269A-4C0F-86F5-7B7952D1E865}.Release|Any CPU.ActiveCfg = Release|Any CPU
		{9351DD5C-269A-4C0F-86F5-7B7952D1E865}.Release|Any CPU.Build.0 = Release|Any CPU
		{ACBED73B-3B83-4CCC-8D37-7DF27029D2D3}.Debug|Any CPU.ActiveCfg = Debug|Any CPU
		{ACBED73B-3B83-4CCC-8D37-7DF27029D2D3}.Debug|Any CPU.Build.0 = Debug|Any CPU
		{ACBED73B-3B83-4CCC-8D37-7DF27029D2D3}.Release|Any CPU.ActiveCfg = Release|Any CPU
		{ACBED73B-3B83-4CCC-8D37-7DF27029D2D3}.Release|Any CPU.Build.0 = Release|Any CPU
	EndGlobalSection
	GlobalSection(SolutionProperties) = preSolution
		HideSolutionNode = FALSE
	EndGlobalSection
	GlobalSection(ExtensibilityGlobals) = postSolution
		SolutionGuid = {F3C5C4D0-07AD-40A4-9195-09C0E994C254}
	EndGlobalSection
EndGlobal
